
Microsoft Visual Studio Solution File, Format Version 12.00
# Visual Studio Version 17
VisualStudioVersion = 17.6.33723.286
MinimumVisualStudioVersion = 10.0.40219.1
Project("{FAE04EC0-301F-11D3-BF4B-00C04F79EFBC}") = "Employee_Web_Application", "Employee_Web_Application.csproj", "{E737AF43-0142-4C8D-A258-E0BA7CD5948B}"
EndProject
Global
	GlobalSection(SolutionConfigurationPlatforms) = preSolution
		Debug|Any CPU = Debug|Any CPU
		Release|Any CPU = Release|Any CPU
	EndGlobalSection
	GlobalSection(ProjectConfigurationPlatforms) = postSolution
		{E737AF43-0142-4C8D-A258-E0BA7CD5948B}.Debug|Any CPU.ActiveCfg = Debug|Any CPU
		{E737AF43-0142-4C8D-A258-E0BA7CD5948B}.Debug|Any CPU.Build.0 = Debug|Any CPU
		{E737AF43-0142-4C8D-A258-E0BA7CD5948B}.Release|Any CPU.ActiveCfg = Release|Any CPU
		{E737AF43-0142-4C8D-A258-E0BA7CD5948B}.Release|Any CPU.Build.0 = Release|Any CPU
	EndGlobalSection
	GlobalSection(SolutionProperties) = preSolution
		HideSolutionNode = FALSE
	EndGlobalSection
	GlobalSection(ExtensibilityGlobals) = postSolution
		SolutionGuid = {B8334BDC-C652-4D8E-886E-36979F9EC9A9}
	EndGlobalSection
EndGlobal
